// !$*UTF8*$!
{
	archiveVersion = 1;
	classes = {
	};
	objectVersion = 46;
	objects = {

/* Begin PBXBuildFile section */
		0F0334B61E7919220089ADAD /* SpotifyAudioPlayback.framework in Frameworks */ = {isa = PBXBuildFile; fileRef = 0F0334B41E7919220089ADAD /* SpotifyAudioPlayback.framework */; };
		0F0334B71E7919220089ADAD /* SpotifyAuthentication.framework in Frameworks */ = {isa = PBXBuildFile; fileRef = 0F0334B51E7919220089ADAD /* SpotifyAuthentication.framework */; settings = {ATTRIBUTES = (Required, ); }; };
		0F1DE25A1E9327C60032A49A /* User.swift in Sources */ = {isa = PBXBuildFile; fileRef = 0F1DE2591E9327C60032A49A /* User.swift */; };
		0FD025721E6B4D2C00E59E95 /* CameraCapture.storyboard in Resources */ = {isa = PBXBuildFile; fileRef = 0FD025701E6B4D2C00E59E95 /* CameraCapture.storyboard */; };
		0FF4B6221E8394E600EEAE8C /* PostProcessing.storyboard in Resources */ = {isa = PBXBuildFile; fileRef = 0FF4B6201E8394E600EEAE8C /* PostProcessing.storyboard */; };
		0FF4B62A1E8AD8D700EEAE8C /* SignUp.storyboard in Resources */ = {isa = PBXBuildFile; fileRef = 0FF4B6281E8AD8D700EEAE8C /* SignUp.storyboard */; };
		0FF4B62E1E8C4BF400EEAE8C /* (null) in Sources */ = {isa = PBXBuildFile; };
		3EA051BEC4970E39F04DA16E /* Pods_MusicMind.framework in Frameworks */ = {isa = PBXBuildFile; fileRef = 320EB626D7E604AC5A1B5A67 /* Pods_MusicMind.framework */; };
		84BBFA2E1ECD25CC00C1E132 /* PagingViewController.swift in Sources */ = {isa = PBXBuildFile; fileRef = 84BBFA2C1ECD25CC00C1E132 /* PagingViewController.swift */; };
		84BBFA2F1ECD25CC00C1E132 /* SpotifyPlayerViewController.swift in Sources */ = {isa = PBXBuildFile; fileRef = 84BBFA2D1ECD25CC00C1E132 /* SpotifyPlayerViewController.swift */; };
		84BBFA311ECD25F100C1E132 /* MusicSearchViewController.swift in Sources */ = {isa = PBXBuildFile; fileRef = 84BBFA301ECD25F100C1E132 /* MusicSearchViewController.swift */; };
		84BBFA331ECD266C00C1E132 /* MusicSearch.storyboard in Resources */ = {isa = PBXBuildFile; fileRef = 84BBFA321ECD266C00C1E132 /* MusicSearch.storyboard */; };
		84BBFA351ECD26CE00C1E132 /* UserPlaylistViewController.swift in Sources */ = {isa = PBXBuildFile; fileRef = 84BBFA341ECD26CE00C1E132 /* UserPlaylistViewController.swift */; };
		84BBFA371ECE6F6000C1E132 /* PlaylistTracksViewController.swift in Sources */ = {isa = PBXBuildFile; fileRef = 84BBFA361ECE6F6000C1E132 /* PlaylistTracksViewController.swift */; };
		84BBFA3A1ED0F64A00C1E132 /* AllSongsViewController.swift in Sources */ = {isa = PBXBuildFile; fileRef = 84BBFA391ED0F64A00C1E132 /* AllSongsViewController.swift */; };
		84BBFA3C1ED134E400C1E132 /* AlbumsCollectionViewController.swift in Sources */ = {isa = PBXBuildFile; fileRef = 84BBFA3B1ED134E400C1E132 /* AlbumsCollectionViewController.swift */; };
		84BBFA3E1ED17B7A00C1E132 /* SpotifySearchHelpers.swift in Sources */ = {isa = PBXBuildFile; fileRef = 84BBFA3D1ED17B7A00C1E132 /* SpotifySearchHelpers.swift */; };
		84BBFA401ED260E900C1E132 /* AlbumTracksViewController.swift in Sources */ = {isa = PBXBuildFile; fileRef = 84BBFA3F1ED260E900C1E132 /* AlbumTracksViewController.swift */; };
		86E1998D1E7B64070071F50C /* AVFoundation.framework in Frameworks */ = {isa = PBXBuildFile; fileRef = 86E1998C1E7B64070071F50C /* AVFoundation.framework */; };
		DE007F611EAEA17300966F55 /* SendToFriendView.xib in Resources */ = {isa = PBXBuildFile; fileRef = DE007F601EAEA17300966F55 /* SendToFriendView.xib */; };
		DE007F651EAEBCE600966F55 /* UILabel+setTextWhileKeepingAttributes.swift in Sources */ = {isa = PBXBuildFile; fileRef = DE007F641EAEBCE600966F55 /* UILabel+setTextWhileKeepingAttributes.swift */; };
		DE429F821E661BB20050E719 /* AppDelegate.swift in Sources */ = {isa = PBXBuildFile; fileRef = DE429F811E661BB20050E719 /* AppDelegate.swift */; };
		DE429F871E661BB20050E719 /* LogIn.storyboard in Resources */ = {isa = PBXBuildFile; fileRef = DE429F851E661BB20050E719 /* LogIn.storyboard */; };
		DE429F891E661BB20050E719 /* Assets.xcassets in Resources */ = {isa = PBXBuildFile; fileRef = DE429F881E661BB20050E719 /* Assets.xcassets */; };
		DE429F8C1E661BB20050E719 /* LaunchScreen.storyboard in Resources */ = {isa = PBXBuildFile; fileRef = DE429F8A1E661BB20050E719 /* LaunchScreen.storyboard */; };
		DE49052E1E6A3E4E00F65C2B /* GoogleService-Info.plist in Resources */ = {isa = PBXBuildFile; fileRef = DE49052D1E6A3E4E00F65C2B /* GoogleService-Info.plist */; };
		DE7983AB1EC3723B002F2120 /* FirebaseConvertable.swift in Sources */ = {isa = PBXBuildFile; fileRef = DE7983AA1EC3723B002F2120 /* FirebaseConvertable.swift */; };
		DE7CAF9D1E9EDAB800EA7286 /* EmailVerifier.swift in Sources */ = {isa = PBXBuildFile; fileRef = DE7CAF9C1E9EDAB800EA7286 /* EmailVerifier.swift */; };
		DE7F3C8A1E8A01B10014B091 /* AudioToolbox.framework in Frameworks */ = {isa = PBXBuildFile; fileRef = DE7F3C891E8A01B10014B091 /* AudioToolbox.framework */; };
		DE85666C1EC3BE5D00B2409D /* Post.swift in Sources */ = {isa = PBXBuildFile; fileRef = DE85666B1EC3BE5D00B2409D /* Post.swift */; };
		DE85E5C41EB1279E005FFEB9 /* UserSettings.storyboard in Resources */ = {isa = PBXBuildFile; fileRef = DE85E5C21EB1279E005FFEB9 /* UserSettings.storyboard */; };
		DE85E5C61EB127C7005FFEB9 /* UserSettingsViewController.swift in Sources */ = {isa = PBXBuildFile; fileRef = DE85E5C51EB127C7005FFEB9 /* UserSettingsViewController.swift */; };
		DE860DDE1E935FE800393B03 /* ForgotPasswordViewController.swift in Sources */ = {isa = PBXBuildFile; fileRef = DE860DDD1E935FE800393B03 /* ForgotPasswordViewController.swift */; };
		DE860DE31E93602400393B03 /* ForgotPassword.storyboard in Resources */ = {isa = PBXBuildFile; fileRef = DE860DE11E93602400393B03 /* ForgotPassword.storyboard */; };
		DE860DE71E93617700393B03 /* WelcomeViewController.swift in Sources */ = {isa = PBXBuildFile; fileRef = DE860DE61E93617700393B03 /* WelcomeViewController.swift */; };
		DE860DEC1E93618900393B03 /* Welcome.storyboard in Resources */ = {isa = PBXBuildFile; fileRef = DE860DEA1E93618900393B03 /* Welcome.storyboard */; };
		DE8EE3B01E9D50EE002F5EDE /* UIVIewController+setupNavigationBarWithTheme.swift in Sources */ = {isa = PBXBuildFile; fileRef = DE8EE3AF1E9D50EE002F5EDE /* UIVIewController+setupNavigationBarWithTheme.swift */; };
		DEB4FDD11EC50A0C001458CE /* UIApplication+isRunningOnSimulator.swift in Sources */ = {isa = PBXBuildFile; fileRef = DEB4FDD01EC50A0C001458CE /* UIApplication+isRunningOnSimulator.swift */; };
		DEB4FDD31EC520A5001458CE /* CameraCaptureViewController.swift in Sources */ = {isa = PBXBuildFile; fileRef = DEB4FDD21EC520A5001458CE /* CameraCaptureViewController.swift */; };
		DEB4FDD51EC520ED001458CE /* SendToFriendViewController.swift in Sources */ = {isa = PBXBuildFile; fileRef = DEB4FDD41EC520ED001458CE /* SendToFriendViewController.swift */; };
		DEB4FDD71EC52115001458CE /* BirthdayViewController.swift in Sources */ = {isa = PBXBuildFile; fileRef = DEB4FDD61EC52115001458CE /* BirthdayViewController.swift */; };
		DEB4FDDB1EC52132001458CE /* EmailPasswordViewController.swift in Sources */ = {isa = PBXBuildFile; fileRef = DEB4FDDA1EC52132001458CE /* EmailPasswordViewController.swift */; };
		DEB4FDDD1EC52140001458CE /* NameViewController.swift in Sources */ = {isa = PBXBuildFile; fileRef = DEB4FDDC1EC52140001458CE /* NameViewController.swift */; };
		DEB4FDDF1EC52190001458CE /* AVVideoExporter.swift in Sources */ = {isa = PBXBuildFile; fileRef = DEB4FDDE1EC52190001458CE /* AVVideoExporter.swift */; };
		DEB4FDE11EC5219F001458CE /* EmojiCollectionViewCell.swift in Sources */ = {isa = PBXBuildFile; fileRef = DEB4FDE01EC5219F001458CE /* EmojiCollectionViewCell.swift */; };
		DEB4FDE31EC521B2001458CE /* VideoContainerView.swift in Sources */ = {isa = PBXBuildFile; fileRef = DEB4FDE21EC521B2001458CE /* VideoContainerView.swift */; };
		DEB4FDE51EC521C2001458CE /* PostProcessingViewController + collectionViewHelper.swift in Sources */ = {isa = PBXBuildFile; fileRef = DEB4FDE41EC521C2001458CE /* PostProcessingViewController + collectionViewHelper.swift */; };
		DEB4FDE71EC521CF001458CE /* PostProcessingViewController.swift in Sources */ = {isa = PBXBuildFile; fileRef = DEB4FDE61EC521CF001458CE /* PostProcessingViewController.swift */; };
		DEBA57FB1E945FCE00AF40EF /* UIImage+imageColored.swift in Sources */ = {isa = PBXBuildFile; fileRef = DEBA57FA1E945FCE00AF40EF /* UIImage+imageColored.swift */; };
		DEBF26EC1E7DA1A100CB13E1 /* Globals.swift in Sources */ = {isa = PBXBuildFile; fileRef = DEBF26EB1E7DA1A100CB13E1 /* Globals.swift */; };
		DEC96E271E957BCD00660262 /* LogInViewController.swift in Sources */ = {isa = PBXBuildFile; fileRef = DEC96E261E957BCD00660262 /* LogInViewController.swift */; };
		DECB97741E98487B005DAB64 /* UIViewController+hideKeyboardWhenTappedAround.swift in Sources */ = {isa = PBXBuildFile; fileRef = DECB97731E98487B005DAB64 /* UIViewController+hideKeyboardWhenTappedAround.swift */; };
		DEFFE4FB1EAAC61800273C02 /* UploadActivity.swift in Sources */ = {isa = PBXBuildFile; fileRef = DEFFE4FA1EAAC61800273C02 /* UploadActivity.swift */; };
/* End PBXBuildFile section */

/* Begin PBXFileReference section */
		0F0334B41E7919220089ADAD /* SpotifyAudioPlayback.framework */ = {isa = PBXFileReference; lastKnownFileType = wrapper.framework; path = SpotifyAudioPlayback.framework; sourceTree = "<group>"; };
		0F0334B51E7919220089ADAD /* SpotifyAuthentication.framework */ = {isa = PBXFileReference; lastKnownFileType = wrapper.framework; path = SpotifyAuthentication.framework; sourceTree = "<group>"; };
		0F1DE2591E9327C60032A49A /* User.swift */ = {isa = PBXFileReference; fileEncoding = 4; lastKnownFileType = sourcecode.swift; path = User.swift; sourceTree = "<group>"; };
		0FD025711E6B4D2C00E59E95 /* Base */ = {isa = PBXFileReference; lastKnownFileType = file.storyboard; name = Base; path = Base.lproj/CameraCapture.storyboard; sourceTree = "<group>"; };
		0FF4B6211E8394E600EEAE8C /* Base */ = {isa = PBXFileReference; lastKnownFileType = file.storyboard; name = Base; path = Base.lproj/PostProcessing.storyboard; sourceTree = "<group>"; };
		0FF4B6291E8AD8D700EEAE8C /* Base */ = {isa = PBXFileReference; lastKnownFileType = file.storyboard; name = Base; path = Base.lproj/SignUp.storyboard; sourceTree = "<group>"; };
		1C368AB4D0134F9551C2A828 /* Pods-MusicMind.release.xcconfig */ = {isa = PBXFileReference; includeInIndex = 1; lastKnownFileType = text.xcconfig; name = "Pods-MusicMind.release.xcconfig"; path = "Pods/Target Support Files/Pods-MusicMind/Pods-MusicMind.release.xcconfig"; sourceTree = "<group>"; };
		320EB626D7E604AC5A1B5A67 /* Pods_MusicMind.framework */ = {isa = PBXFileReference; explicitFileType = wrapper.framework; includeInIndex = 0; path = Pods_MusicMind.framework; sourceTree = BUILT_PRODUCTS_DIR; };
		84BBFA2C1ECD25CC00C1E132 /* PagingViewController.swift */ = {isa = PBXFileReference; fileEncoding = 4; lastKnownFileType = sourcecode.swift; path = PagingViewController.swift; sourceTree = "<group>"; };
		84BBFA2D1ECD25CC00C1E132 /* SpotifyPlayerViewController.swift */ = {isa = PBXFileReference; fileEncoding = 4; lastKnownFileType = sourcecode.swift; path = SpotifyPlayerViewController.swift; sourceTree = "<group>"; };
		84BBFA301ECD25F100C1E132 /* MusicSearchViewController.swift */ = {isa = PBXFileReference; fileEncoding = 4; lastKnownFileType = sourcecode.swift; path = MusicSearchViewController.swift; sourceTree = "<group>"; };
		84BBFA321ECD266C00C1E132 /* MusicSearch.storyboard */ = {isa = PBXFileReference; fileEncoding = 4; lastKnownFileType = file.storyboard; path = MusicSearch.storyboard; sourceTree = "<group>"; };
		84BBFA341ECD26CE00C1E132 /* UserPlaylistViewController.swift */ = {isa = PBXFileReference; fileEncoding = 4; lastKnownFileType = sourcecode.swift; path = UserPlaylistViewController.swift; sourceTree = "<group>"; };
		84BBFA361ECE6F6000C1E132 /* PlaylistTracksViewController.swift */ = {isa = PBXFileReference; fileEncoding = 4; lastKnownFileType = sourcecode.swift; path = PlaylistTracksViewController.swift; sourceTree = "<group>"; };
		84BBFA391ED0F64A00C1E132 /* AllSongsViewController.swift */ = {isa = PBXFileReference; fileEncoding = 4; lastKnownFileType = sourcecode.swift; path = AllSongsViewController.swift; sourceTree = "<group>"; };
		84BBFA3B1ED134E400C1E132 /* AlbumsCollectionViewController.swift */ = {isa = PBXFileReference; fileEncoding = 4; lastKnownFileType = sourcecode.swift; path = AlbumsCollectionViewController.swift; sourceTree = "<group>"; };
		84BBFA3D1ED17B7A00C1E132 /* SpotifySearchHelpers.swift */ = {isa = PBXFileReference; fileEncoding = 4; lastKnownFileType = sourcecode.swift; path = SpotifySearchHelpers.swift; sourceTree = "<group>"; };
		84BBFA3F1ED260E900C1E132 /* AlbumTracksViewController.swift */ = {isa = PBXFileReference; fileEncoding = 4; lastKnownFileType = sourcecode.swift; path = AlbumTracksViewController.swift; sourceTree = "<group>"; };
		86E1998C1E7B64070071F50C /* AVFoundation.framework */ = {isa = PBXFileReference; lastKnownFileType = wrapper.framework; name = AVFoundation.framework; path = System/Library/Frameworks/AVFoundation.framework; sourceTree = SDKROOT; };
		86E199981E7CCB7C0071F50C /* MusicMind-Bridging-Header.h */ = {isa = PBXFileReference; fileEncoding = 4; lastKnownFileType = sourcecode.c.h; path = "MusicMind-Bridging-Header.h"; sourceTree = "<group>"; };
		9127CA30E0CA410CF4297E83 /* Pods-MusicMind.debug.xcconfig */ = {isa = PBXFileReference; includeInIndex = 1; lastKnownFileType = text.xcconfig; name = "Pods-MusicMind.debug.xcconfig"; path = "Pods/Target Support Files/Pods-MusicMind/Pods-MusicMind.debug.xcconfig"; sourceTree = "<group>"; };
		DE007F601EAEA17300966F55 /* SendToFriendView.xib */ = {isa = PBXFileReference; fileEncoding = 4; lastKnownFileType = file.xib; path = SendToFriendView.xib; sourceTree = "<group>"; };
		DE007F641EAEBCE600966F55 /* UILabel+setTextWhileKeepingAttributes.swift */ = {isa = PBXFileReference; fileEncoding = 4; lastKnownFileType = sourcecode.swift; path = "UILabel+setTextWhileKeepingAttributes.swift"; sourceTree = "<group>"; };
		DE429F7E1E661BB20050E719 /* MusicMind.app */ = {isa = PBXFileReference; explicitFileType = wrapper.application; includeInIndex = 0; path = MusicMind.app; sourceTree = BUILT_PRODUCTS_DIR; };
		DE429F811E661BB20050E719 /* AppDelegate.swift */ = {isa = PBXFileReference; lastKnownFileType = sourcecode.swift; path = AppDelegate.swift; sourceTree = "<group>"; };
		DE429F861E661BB20050E719 /* Base */ = {isa = PBXFileReference; lastKnownFileType = file.storyboard; name = Base; path = Base.lproj/LogIn.storyboard; sourceTree = "<group>"; };
		DE429F881E661BB20050E719 /* Assets.xcassets */ = {isa = PBXFileReference; lastKnownFileType = folder.assetcatalog; path = Assets.xcassets; sourceTree = "<group>"; };
		DE429F8B1E661BB20050E719 /* Base */ = {isa = PBXFileReference; lastKnownFileType = file.storyboard; name = Base; path = Base.lproj/LaunchScreen.storyboard; sourceTree = "<group>"; };
		DE429F8D1E661BB20050E719 /* Info.plist */ = {isa = PBXFileReference; lastKnownFileType = text.plist.xml; path = Info.plist; sourceTree = "<group>"; };
		DE49052D1E6A3E4E00F65C2B /* GoogleService-Info.plist */ = {isa = PBXFileReference; fileEncoding = 4; lastKnownFileType = text.plist.xml; name = "GoogleService-Info.plist"; path = "../GoogleService-Info.plist"; sourceTree = "<group>"; };
		DE7983AA1EC3723B002F2120 /* FirebaseConvertable.swift */ = {isa = PBXFileReference; fileEncoding = 4; lastKnownFileType = sourcecode.swift; path = FirebaseConvertable.swift; sourceTree = "<group>"; };
		DE7CAF9C1E9EDAB800EA7286 /* EmailVerifier.swift */ = {isa = PBXFileReference; fileEncoding = 4; lastKnownFileType = sourcecode.swift; path = EmailVerifier.swift; sourceTree = "<group>"; };
		DE7F3C891E8A01B10014B091 /* AudioToolbox.framework */ = {isa = PBXFileReference; lastKnownFileType = wrapper.framework; name = AudioToolbox.framework; path = System/Library/Frameworks/AudioToolbox.framework; sourceTree = SDKROOT; };
		DE7F3C8B1E8A01B10014B091 /* MusicMind.entitlements */ = {isa = PBXFileReference; lastKnownFileType = text.plist.entitlements; path = MusicMind.entitlements; sourceTree = "<group>"; };
		DE85666B1EC3BE5D00B2409D /* Post.swift */ = {isa = PBXFileReference; fileEncoding = 4; lastKnownFileType = sourcecode.swift; path = Post.swift; sourceTree = "<group>"; };
		DE85E5C31EB1279E005FFEB9 /* Base */ = {isa = PBXFileReference; lastKnownFileType = file.storyboard; name = Base; path = Base.lproj/UserSettings.storyboard; sourceTree = "<group>"; };
		DE85E5C51EB127C7005FFEB9 /* UserSettingsViewController.swift */ = {isa = PBXFileReference; fileEncoding = 4; lastKnownFileType = sourcecode.swift; path = UserSettingsViewController.swift; sourceTree = "<group>"; };
		DE860DDD1E935FE800393B03 /* ForgotPasswordViewController.swift */ = {isa = PBXFileReference; fileEncoding = 4; lastKnownFileType = sourcecode.swift; path = ForgotPasswordViewController.swift; sourceTree = "<group>"; };
		DE860DE21E93602400393B03 /* Base */ = {isa = PBXFileReference; lastKnownFileType = file.storyboard; name = Base; path = Base.lproj/ForgotPassword.storyboard; sourceTree = "<group>"; };
		DE860DE61E93617700393B03 /* WelcomeViewController.swift */ = {isa = PBXFileReference; fileEncoding = 4; lastKnownFileType = sourcecode.swift; path = WelcomeViewController.swift; sourceTree = "<group>"; };
		DE860DEB1E93618900393B03 /* Base */ = {isa = PBXFileReference; lastKnownFileType = file.storyboard; name = Base; path = Base.lproj/Welcome.storyboard; sourceTree = "<group>"; };
		DE8EE3AF1E9D50EE002F5EDE /* UIVIewController+setupNavigationBarWithTheme.swift */ = {isa = PBXFileReference; fileEncoding = 4; lastKnownFileType = sourcecode.swift; path = "UIVIewController+setupNavigationBarWithTheme.swift"; sourceTree = "<group>"; };
		DEB4FDD01EC50A0C001458CE /* UIApplication+isRunningOnSimulator.swift */ = {isa = PBXFileReference; fileEncoding = 4; lastKnownFileType = sourcecode.swift; path = "UIApplication+isRunningOnSimulator.swift"; sourceTree = "<group>"; };
		DEB4FDD21EC520A5001458CE /* CameraCaptureViewController.swift */ = {isa = PBXFileReference; fileEncoding = 4; lastKnownFileType = sourcecode.swift; path = CameraCaptureViewController.swift; sourceTree = "<group>"; };
		DEB4FDD41EC520ED001458CE /* SendToFriendViewController.swift */ = {isa = PBXFileReference; fileEncoding = 4; lastKnownFileType = sourcecode.swift; path = SendToFriendViewController.swift; sourceTree = "<group>"; };
		DEB4FDD61EC52115001458CE /* BirthdayViewController.swift */ = {isa = PBXFileReference; fileEncoding = 4; lastKnownFileType = sourcecode.swift; path = BirthdayViewController.swift; sourceTree = "<group>"; };
		DEB4FDDA1EC52132001458CE /* EmailPasswordViewController.swift */ = {isa = PBXFileReference; fileEncoding = 4; lastKnownFileType = sourcecode.swift; path = EmailPasswordViewController.swift; sourceTree = "<group>"; };
		DEB4FDDC1EC52140001458CE /* NameViewController.swift */ = {isa = PBXFileReference; fileEncoding = 4; lastKnownFileType = sourcecode.swift; path = NameViewController.swift; sourceTree = "<group>"; };
		DEB4FDDE1EC52190001458CE /* AVVideoExporter.swift */ = {isa = PBXFileReference; fileEncoding = 4; lastKnownFileType = sourcecode.swift; path = AVVideoExporter.swift; sourceTree = "<group>"; };
		DEB4FDE01EC5219F001458CE /* EmojiCollectionViewCell.swift */ = {isa = PBXFileReference; fileEncoding = 4; lastKnownFileType = sourcecode.swift; path = EmojiCollectionViewCell.swift; sourceTree = "<group>"; };
		DEB4FDE21EC521B2001458CE /* VideoContainerView.swift */ = {isa = PBXFileReference; fileEncoding = 4; lastKnownFileType = sourcecode.swift; path = VideoContainerView.swift; sourceTree = "<group>"; };
		DEB4FDE41EC521C2001458CE /* PostProcessingViewController + collectionViewHelper.swift */ = {isa = PBXFileReference; fileEncoding = 4; lastKnownFileType = sourcecode.swift; path = "PostProcessingViewController + collectionViewHelper.swift"; sourceTree = "<group>"; };
		DEB4FDE61EC521CF001458CE /* PostProcessingViewController.swift */ = {isa = PBXFileReference; fileEncoding = 4; lastKnownFileType = sourcecode.swift; path = PostProcessingViewController.swift; sourceTree = "<group>"; };
		DEBA57FA1E945FCE00AF40EF /* UIImage+imageColored.swift */ = {isa = PBXFileReference; fileEncoding = 4; lastKnownFileType = sourcecode.swift; path = "UIImage+imageColored.swift"; sourceTree = "<group>"; };
		DEBF26EB1E7DA1A100CB13E1 /* Globals.swift */ = {isa = PBXFileReference; fileEncoding = 4; lastKnownFileType = sourcecode.swift; path = Globals.swift; sourceTree = "<group>"; };
		DEC96E261E957BCD00660262 /* LogInViewController.swift */ = {isa = PBXFileReference; fileEncoding = 4; lastKnownFileType = sourcecode.swift; path = LogInViewController.swift; sourceTree = "<group>"; };
		DECB97731E98487B005DAB64 /* UIViewController+hideKeyboardWhenTappedAround.swift */ = {isa = PBXFileReference; fileEncoding = 4; lastKnownFileType = sourcecode.swift; path = "UIViewController+hideKeyboardWhenTappedAround.swift"; sourceTree = "<group>"; };
		DEFFE4FA1EAAC61800273C02 /* UploadActivity.swift */ = {isa = PBXFileReference; fileEncoding = 4; lastKnownFileType = sourcecode.swift; path = UploadActivity.swift; sourceTree = "<group>"; };
/* End PBXFileReference section */

/* Begin PBXFrameworksBuildPhase section */
		DE429F7B1E661BB20050E719 /* Frameworks */ = {
			isa = PBXFrameworksBuildPhase;
			buildActionMask = 2147483647;
			files = (
				86E1998D1E7B64070071F50C /* AVFoundation.framework in Frameworks */,
				0F0334B71E7919220089ADAD /* SpotifyAuthentication.framework in Frameworks */,
				DE7F3C8A1E8A01B10014B091 /* AudioToolbox.framework in Frameworks */,
				0F0334B61E7919220089ADAD /* SpotifyAudioPlayback.framework in Frameworks */,
				3EA051BEC4970E39F04DA16E /* Pods_MusicMind.framework in Frameworks */,
			);
			runOnlyForDeploymentPostprocessing = 0;
		};
/* End PBXFrameworksBuildPhase section */

/* Begin PBXGroup section */
		0F3DCBB41E6E227300AADAB8 /* Protocols */ = {
			isa = PBXGroup;
			children = (
				DE7983AA1EC3723B002F2120 /* FirebaseConvertable.swift */,
			);
			name = Protocols;
			sourceTree = "<group>";
		};
		0FD0256F1E6B4BD500E59E95 /* Camera capture */ = {
			isa = PBXGroup;
			children = (
				0FD025701E6B4D2C00E59E95 /* CameraCapture.storyboard */,
				DEB4FDD21EC520A5001458CE /* CameraCaptureViewController.swift */,
			);
			name = "Camera capture";
			sourceTree = "<group>";
		};
		0FF4B6151E83930000EEAE8C /* Post processing */ = {
			isa = PBXGroup;
			children = (
				DEB4FDDE1EC52190001458CE /* AVVideoExporter.swift */,
				0FF4B6201E8394E600EEAE8C /* PostProcessing.storyboard */,
				DEB4FDE61EC521CF001458CE /* PostProcessingViewController.swift */,
				DEB4FDE01EC5219F001458CE /* EmojiCollectionViewCell.swift */,
				DEB4FDE41EC521C2001458CE /* PostProcessingViewController + collectionViewHelper.swift */,
				DEB4FDE21EC521B2001458CE /* VideoContainerView.swift */,
			);
			name = "Post processing";
			sourceTree = "<group>";
		};
		0FF4B6251E8AD7F300EEAE8C /* Sign Up */ = {
			isa = PBXGroup;
			children = (
				DE7CAF9C1E9EDAB800EA7286 /* EmailVerifier.swift */,
				0FF4B6281E8AD8D700EEAE8C /* SignUp.storyboard */,
				DEB4FDDC1EC52140001458CE /* NameViewController.swift */,
				DEB4FDD61EC52115001458CE /* BirthdayViewController.swift */,
				DEB4FDDA1EC52132001458CE /* EmailPasswordViewController.swift */,
			);
			name = "Sign Up";
			sourceTree = "<group>";
		};
		6411FC252D5E1FC5BDF80FA6 /* Frameworks */ = {
			isa = PBXGroup;
			children = (
				DE7F3C891E8A01B10014B091 /* AudioToolbox.framework */,
				0F0334B51E7919220089ADAD /* SpotifyAuthentication.framework */,
				0F0334B41E7919220089ADAD /* SpotifyAudioPlayback.framework */,
				86E1998C1E7B64070071F50C /* AVFoundation.framework */,
				320EB626D7E604AC5A1B5A67 /* Pods_MusicMind.framework */,
			);
			name = Frameworks;
			sourceTree = "<group>";
		};
		8487F6C01EC26836007119A9 /* Audio Controls */ = {
			isa = PBXGroup;
			children = (
			);
			name = "Audio Controls";
			sourceTree = "<group>";
		};
		84BBFA381ED0F5CE00C1E132 /* Spotify Player */ = {
			isa = PBXGroup;
			children = (
				84BBFA2C1ECD25CC00C1E132 /* PagingViewController.swift */,
				84BBFA2D1ECD25CC00C1E132 /* SpotifyPlayerViewController.swift */,
			);
			name = "Spotify Player";
			sourceTree = "<group>";
		};
		AFEDE517BD9FE9008E5C98F7 /* Pods */ = {
			isa = PBXGroup;
			children = (
				9127CA30E0CA410CF4297E83 /* Pods-MusicMind.debug.xcconfig */,
				1C368AB4D0134F9551C2A828 /* Pods-MusicMind.release.xcconfig */,
			);
			name = Pods;
			sourceTree = "<group>";
		};
		DE09EC6A1E7CDF81005B237A /* Send to friend */ = {
			isa = PBXGroup;
			children = (
				DE007F601EAEA17300966F55 /* SendToFriendView.xib */,
				DEB4FDD41EC520ED001458CE /* SendToFriendViewController.swift */,
				DEFFE4FA1EAAC61800273C02 /* UploadActivity.swift */,
			);
			name = "Send to friend";
			sourceTree = "<group>";
		};
		DE429F751E661BB20050E719 = {
			isa = PBXGroup;
			children = (
				DE429F801E661BB20050E719 /* MusicMind */,
				DE429F7F1E661BB20050E719 /* Products */,
				AFEDE517BD9FE9008E5C98F7 /* Pods */,
				6411FC252D5E1FC5BDF80FA6 /* Frameworks */,
			);
			sourceTree = "<group>";
		};
		DE429F7F1E661BB20050E719 /* Products */ = {
			isa = PBXGroup;
			children = (
				DE429F7E1E661BB20050E719 /* MusicMind.app */,
			);
			name = Products;
			sourceTree = "<group>";
		};
		DE429F801E661BB20050E719 /* MusicMind */ = {
			isa = PBXGroup;
			children = (
				0F3DCBB41E6E227300AADAB8 /* Protocols */,
				DE487E051E8D6A3C0025B514 /* Extensions */,
				DE85666A1EC3BE4400B2409D /* Models */,
				DE429F811E661BB20050E719 /* AppDelegate.swift */,
				DEBF26EB1E7DA1A100CB13E1 /* Globals.swift */,
				0F1DE2591E9327C60032A49A /* User.swift */,
				DE860DDB1E935F1B00393B03 /* Welcome */,
				8487F6C01EC26836007119A9 /* Audio Controls */,
				DE6494251E7CE670003D92D0 /* Log in */,
				DE860DDC1E935F6D00393B03 /* Forgot password */,
				0FD0256F1E6B4BD500E59E95 /* Camera capture */,
				DE860DDA1E935EAB00393B03 /* Music search */,
				0FF4B6151E83930000EEAE8C /* Post processing */,
				DE09EC6A1E7CDF81005B237A /* Send to friend */,
				DE85E5C11EB1277A005FFEB9 /* User Settings */,
				DE429F881E661BB20050E719 /* Assets.xcassets */,
				DE429F8A1E661BB20050E719 /* LaunchScreen.storyboard */,
				DE7F3C8B1E8A01B10014B091 /* MusicMind.entitlements */,
				DE429F8D1E661BB20050E719 /* Info.plist */,
				DE49052D1E6A3E4E00F65C2B /* GoogleService-Info.plist */,
				86E199981E7CCB7C0071F50C /* MusicMind-Bridging-Header.h */,
			);
			path = MusicMind;
			sourceTree = "<group>";
		};
		DE487E051E8D6A3C0025B514 /* Extensions */ = {
			isa = PBXGroup;
			children = (
				DE007F641EAEBCE600966F55 /* UILabel+setTextWhileKeepingAttributes.swift */,
				DEB4FDD01EC50A0C001458CE /* UIApplication+isRunningOnSimulator.swift */,
				DEBA57FA1E945FCE00AF40EF /* UIImage+imageColored.swift */,
				DECB97731E98487B005DAB64 /* UIViewController+hideKeyboardWhenTappedAround.swift */,
				DE8EE3AF1E9D50EE002F5EDE /* UIVIewController+setupNavigationBarWithTheme.swift */,
			);
			name = Extensions;
			sourceTree = "<group>";
		};
		DE6494251E7CE670003D92D0 /* Log in */ = {
			isa = PBXGroup;
			children = (
				DE429F851E661BB20050E719 /* LogIn.storyboard */,
				DEC96E261E957BCD00660262 /* LogInViewController.swift */,
			);
			name = "Log in";
			sourceTree = "<group>";
		};
		DE85666A1EC3BE4400B2409D /* Models */ = {
			isa = PBXGroup;
			children = (
				DE85666B1EC3BE5D00B2409D /* Post.swift */,
			);
			name = Models;
			sourceTree = "<group>";
		};
		DE85E5C11EB1277A005FFEB9 /* User Settings */ = {
			isa = PBXGroup;
			children = (
				DE85E5C21EB1279E005FFEB9 /* UserSettings.storyboard */,
				DE85E5C51EB127C7005FFEB9 /* UserSettingsViewController.swift */,
			);
			name = "User Settings";
			sourceTree = "<group>";
		};
		DE860DDA1E935EAB00393B03 /* Music search */ = {
			isa = PBXGroup;
			children = (
				84BBFA381ED0F5CE00C1E132 /* Spotify Player */,
				84BBFA321ECD266C00C1E132 /* MusicSearch.storyboard */,
				84BBFA3F1ED260E900C1E132 /* AlbumTracksViewController.swift */,
				84BBFA3B1ED134E400C1E132 /* AlbumsCollectionViewController.swift */,
				84BBFA361ECE6F6000C1E132 /* PlaylistTracksViewController.swift */,
				84BBFA341ECD26CE00C1E132 /* UserPlaylistViewController.swift */,
				84BBFA391ED0F64A00C1E132 /* AllSongsViewController.swift */,
				84BBFA301ECD25F100C1E132 /* MusicSearchViewController.swift */,
				84BBFA3D1ED17B7A00C1E132 /* SpotifySearchHelpers.swift */,
			);
			name = "Music search";
			sourceTree = "<group>";
		};
		DE860DDB1E935F1B00393B03 /* Welcome */ = {
			isa = PBXGroup;
			children = (
				0FF4B6251E8AD7F300EEAE8C /* Sign Up */,
				DE860DEA1E93618900393B03 /* Welcome.storyboard */,
				DE860DE61E93617700393B03 /* WelcomeViewController.swift */,
			);
			name = Welcome;
			sourceTree = "<group>";
		};
		DE860DDC1E935F6D00393B03 /* Forgot password */ = {
			isa = PBXGroup;
			children = (
				DE860DE11E93602400393B03 /* ForgotPassword.storyboard */,
				DE860DDD1E935FE800393B03 /* ForgotPasswordViewController.swift */,
			);
			name = "Forgot password";
			sourceTree = "<group>";
		};
/* End PBXGroup section */

/* Begin PBXNativeTarget section */
		DE429F7D1E661BB20050E719 /* MusicMind */ = {
			isa = PBXNativeTarget;
			buildConfigurationList = DE429FA61E661BB20050E719 /* Build configuration list for PBXNativeTarget "MusicMind" */;
			buildPhases = (
				23A58EE0A24960AE6A7EEC7F /* [CP] Check Pods Manifest.lock */,
				DE429F7A1E661BB20050E719 /* Sources */,
				DE429F7B1E661BB20050E719 /* Frameworks */,
				DE429F7C1E661BB20050E719 /* Resources */,
				7ED480D80AE958FCF03EBD3A /* [CP] Embed Pods Frameworks */,
				4A1E3411F726C065A61656CF /* [CP] Copy Pods Resources */,
			);
			buildRules = (
			);
			dependencies = (
			);
			name = MusicMind;
			productName = MusicMind;
			productReference = DE429F7E1E661BB20050E719 /* MusicMind.app */;
			productType = "com.apple.product-type.application";
		};
/* End PBXNativeTarget section */

/* Begin PBXProject section */
		DE429F761E661BB20050E719 /* Project object */ = {
			isa = PBXProject;
			attributes = {
				LastSwiftUpdateCheck = 0820;
				LastUpgradeCheck = 0820;
				ORGANIZATIONNAME = MusicMind;
				TargetAttributes = {
					DE429F7D1E661BB20050E719 = {
						CreatedOnToolsVersion = 8.2.1;
						DevelopmentTeam = 7UJ4ETS6X9;
						LastSwiftMigration = 0820;
						ProvisioningStyle = Automatic;
						SystemCapabilities = {
							com.apple.BackgroundModes = {
								enabled = 1;
							};
							com.apple.DataProtection = {
								enabled = 1;
							};
							com.apple.InterAppAudio = {
								enabled = 1;
							};
							com.apple.Push = {
								enabled = 1;
							};
							com.apple.SafariKeychain = {
								enabled = 1;
							};
						};
					};
				};
			};
			buildConfigurationList = DE429F791E661BB20050E719 /* Build configuration list for PBXProject "MusicMind" */;
			compatibilityVersion = "Xcode 3.2";
			developmentRegion = English;
			hasScannedForEncodings = 0;
			knownRegions = (
				en,
				Base,
			);
			mainGroup = DE429F751E661BB20050E719;
			productRefGroup = DE429F7F1E661BB20050E719 /* Products */;
			projectDirPath = "";
			projectRoot = "";
			targets = (
				DE429F7D1E661BB20050E719 /* MusicMind */,
			);
		};
/* End PBXProject section */

/* Begin PBXResourcesBuildPhase section */
		DE429F7C1E661BB20050E719 /* Resources */ = {
			isa = PBXResourcesBuildPhase;
			buildActionMask = 2147483647;
			files = (
				DE429F8C1E661BB20050E719 /* LaunchScreen.storyboard in Resources */,
				DE007F611EAEA17300966F55 /* SendToFriendView.xib in Resources */,
				0FF4B62A1E8AD8D700EEAE8C /* SignUp.storyboard in Resources */,
				0FF4B6221E8394E600EEAE8C /* PostProcessing.storyboard in Resources */,
				DE49052E1E6A3E4E00F65C2B /* GoogleService-Info.plist in Resources */,
				DE860DEC1E93618900393B03 /* Welcome.storyboard in Resources */,
				DE429F891E661BB20050E719 /* Assets.xcassets in Resources */,
				DE429F871E661BB20050E719 /* LogIn.storyboard in Resources */,
				84BBFA331ECD266C00C1E132 /* MusicSearch.storyboard in Resources */,
				0FD025721E6B4D2C00E59E95 /* CameraCapture.storyboard in Resources */,
				DE85E5C41EB1279E005FFEB9 /* UserSettings.storyboard in Resources */,
				DE860DE31E93602400393B03 /* ForgotPassword.storyboard in Resources */,
			);
			runOnlyForDeploymentPostprocessing = 0;
		};
/* End PBXResourcesBuildPhase section */

/* Begin PBXShellScriptBuildPhase section */
		23A58EE0A24960AE6A7EEC7F /* [CP] Check Pods Manifest.lock */ = {
			isa = PBXShellScriptBuildPhase;
			buildActionMask = 2147483647;
			files = (
			);
			inputPaths = (
			);
			name = "[CP] Check Pods Manifest.lock";
			outputPaths = (
			);
			runOnlyForDeploymentPostprocessing = 0;
			shellPath = /bin/sh;
			shellScript = "diff \"${PODS_ROOT}/../Podfile.lock\" \"${PODS_ROOT}/Manifest.lock\" > /dev/null\nif [ $? != 0 ] ; then\n    # print error to STDERR\n    echo \"error: The sandbox is not in sync with the Podfile.lock. Run 'pod install' or update your CocoaPods installation.\" >&2\n    exit 1\nfi\n";
			showEnvVarsInLog = 0;
		};
		4A1E3411F726C065A61656CF /* [CP] Copy Pods Resources */ = {
			isa = PBXShellScriptBuildPhase;
			buildActionMask = 2147483647;
			files = (
			);
			inputPaths = (
			);
			name = "[CP] Copy Pods Resources";
			outputPaths = (
			);
			runOnlyForDeploymentPostprocessing = 0;
			shellPath = /bin/sh;
			shellScript = "\"${SRCROOT}/Pods/Target Support Files/Pods-MusicMind/Pods-MusicMind-resources.sh\"\n";
			showEnvVarsInLog = 0;
		};
		7ED480D80AE958FCF03EBD3A /* [CP] Embed Pods Frameworks */ = {
			isa = PBXShellScriptBuildPhase;
			buildActionMask = 2147483647;
			files = (
			);
			inputPaths = (
			);
			name = "[CP] Embed Pods Frameworks";
			outputPaths = (
			);
			runOnlyForDeploymentPostprocessing = 0;
			shellPath = /bin/sh;
			shellScript = "\"${SRCROOT}/Pods/Target Support Files/Pods-MusicMind/Pods-MusicMind-frameworks.sh\"\n";
			showEnvVarsInLog = 0;
		};
/* End PBXShellScriptBuildPhase section */

/* Begin PBXSourcesBuildPhase section */
		DE429F7A1E661BB20050E719 /* Sources */ = {
			isa = PBXSourcesBuildPhase;
			buildActionMask = 2147483647;
			files = (
				DEB4FDE51EC521C2001458CE /* PostProcessingViewController + collectionViewHelper.swift in Sources */,
				DE860DE71E93617700393B03 /* WelcomeViewController.swift in Sources */,
				DEB4FDDB1EC52132001458CE /* EmailPasswordViewController.swift in Sources */,
				DEFFE4FB1EAAC61800273C02 /* UploadActivity.swift in Sources */,
				84BBFA311ECD25F100C1E132 /* MusicSearchViewController.swift in Sources */,
				DEBA57FB1E945FCE00AF40EF /* UIImage+imageColored.swift in Sources */,
				DE007F651EAEBCE600966F55 /* UILabel+setTextWhileKeepingAttributes.swift in Sources */,
				DEB4FDE11EC5219F001458CE /* EmojiCollectionViewCell.swift in Sources */,
				DEB4FDE31EC521B2001458CE /* VideoContainerView.swift in Sources */,
				84BBFA3A1ED0F64A00C1E132 /* AllSongsViewController.swift in Sources */,
				84BBFA3C1ED134E400C1E132 /* AlbumsCollectionViewController.swift in Sources */,
				0FF4B62E1E8C4BF400EEAE8C /* (null) in Sources */,
				DE85666C1EC3BE5D00B2409D /* Post.swift in Sources */,
				DEB4FDD51EC520ED001458CE /* SendToFriendViewController.swift in Sources */,
				DE7983AB1EC3723B002F2120 /* FirebaseConvertable.swift in Sources */,
				DE860DDE1E935FE800393B03 /* ForgotPasswordViewController.swift in Sources */,
				84BBFA371ECE6F6000C1E132 /* PlaylistTracksViewController.swift in Sources */,
				84BBFA351ECD26CE00C1E132 /* UserPlaylistViewController.swift in Sources */,
				DEB4FDD71EC52115001458CE /* BirthdayViewController.swift in Sources */,
				DE85E5C61EB127C7005FFEB9 /* UserSettingsViewController.swift in Sources */,
				DEC96E271E957BCD00660262 /* LogInViewController.swift in Sources */,
				DE7CAF9D1E9EDAB800EA7286 /* EmailVerifier.swift in Sources */,
				DEB4FDD11EC50A0C001458CE /* UIApplication+isRunningOnSimulator.swift in Sources */,
				DE429F821E661BB20050E719 /* AppDelegate.swift in Sources */,
				DECB97741E98487B005DAB64 /* UIViewController+hideKeyboardWhenTappedAround.swift in Sources */,
				84BBFA2F1ECD25CC00C1E132 /* SpotifyPlayerViewController.swift in Sources */,
				84BBFA401ED260E900C1E132 /* AlbumTracksViewController.swift in Sources */,
				DEB4FDDD1EC52140001458CE /* NameViewController.swift in Sources */,
				DEB4FDD31EC520A5001458CE /* CameraCaptureViewController.swift in Sources */,
				84BBFA2E1ECD25CC00C1E132 /* PagingViewController.swift in Sources */,
				DEB4FDE71EC521CF001458CE /* PostProcessingViewController.swift in Sources */,
				84BBFA3E1ED17B7A00C1E132 /* SpotifySearchHelpers.swift in Sources */,
				DEBF26EC1E7DA1A100CB13E1 /* Globals.swift in Sources */,
				0F1DE25A1E9327C60032A49A /* User.swift in Sources */,
				DE8EE3B01E9D50EE002F5EDE /* UIVIewController+setupNavigationBarWithTheme.swift in Sources */,
				DEB4FDDF1EC52190001458CE /* AVVideoExporter.swift in Sources */,
			);
			runOnlyForDeploymentPostprocessing = 0;
		};
/* End PBXSourcesBuildPhase section */

/* Begin PBXVariantGroup section */
		0FD025701E6B4D2C00E59E95 /* CameraCapture.storyboard */ = {
			isa = PBXVariantGroup;
			children = (
				0FD025711E6B4D2C00E59E95 /* Base */,
			);
			name = CameraCapture.storyboard;
			sourceTree = "<group>";
		};
		0FF4B6201E8394E600EEAE8C /* PostProcessing.storyboard */ = {
			isa = PBXVariantGroup;
			children = (
				0FF4B6211E8394E600EEAE8C /* Base */,
			);
			name = PostProcessing.storyboard;
			sourceTree = "<group>";
		};
		0FF4B6281E8AD8D700EEAE8C /* SignUp.storyboard */ = {
			isa = PBXVariantGroup;
			children = (
				0FF4B6291E8AD8D700EEAE8C /* Base */,
			);
			name = SignUp.storyboard;
			sourceTree = "<group>";
		};
		DE429F851E661BB20050E719 /* LogIn.storyboard */ = {
			isa = PBXVariantGroup;
			children = (
				DE429F861E661BB20050E719 /* Base */,
			);
			name = LogIn.storyboard;
			sourceTree = "<group>";
		};
		DE429F8A1E661BB20050E719 /* LaunchScreen.storyboard */ = {
			isa = PBXVariantGroup;
			children = (
				DE429F8B1E661BB20050E719 /* Base */,
			);
			name = LaunchScreen.storyboard;
			sourceTree = "<group>";
		};
		DE85E5C21EB1279E005FFEB9 /* UserSettings.storyboard */ = {
			isa = PBXVariantGroup;
			children = (
				DE85E5C31EB1279E005FFEB9 /* Base */,
			);
			name = UserSettings.storyboard;
			sourceTree = "<group>";
		};
		DE860DE11E93602400393B03 /* ForgotPassword.storyboard */ = {
			isa = PBXVariantGroup;
			children = (
				DE860DE21E93602400393B03 /* Base */,
			);
			name = ForgotPassword.storyboard;
			sourceTree = "<group>";
		};
		DE860DEA1E93618900393B03 /* Welcome.storyboard */ = {
			isa = PBXVariantGroup;
			children = (
				DE860DEB1E93618900393B03 /* Base */,
			);
			name = Welcome.storyboard;
			sourceTree = "<group>";
		};
/* End PBXVariantGroup section */

/* Begin XCBuildConfiguration section */
		DE429FA41E661BB20050E719 /* Debug */ = {
			isa = XCBuildConfiguration;
			buildSettings = {
				ALWAYS_SEARCH_USER_PATHS = NO;
				CLANG_ANALYZER_NONNULL = YES;
				CLANG_CXX_LANGUAGE_STANDARD = "gnu++0x";
				CLANG_CXX_LIBRARY = "libc++";
				CLANG_ENABLE_MODULES = YES;
				CLANG_ENABLE_OBJC_ARC = YES;
				CLANG_WARN_BOOL_CONVERSION = YES;
				CLANG_WARN_CONSTANT_CONVERSION = YES;
				CLANG_WARN_DIRECT_OBJC_ISA_USAGE = YES_ERROR;
				CLANG_WARN_DOCUMENTATION_COMMENTS = YES;
				CLANG_WARN_EMPTY_BODY = YES;
				CLANG_WARN_ENUM_CONVERSION = YES;
				CLANG_WARN_INFINITE_RECURSION = YES;
				CLANG_WARN_INT_CONVERSION = YES;
				CLANG_WARN_OBJC_ROOT_CLASS = YES_ERROR;
				CLANG_WARN_SUSPICIOUS_MOVE = YES;
				CLANG_WARN_UNREACHABLE_CODE = YES;
				CLANG_WARN__DUPLICATE_METHOD_MATCH = YES;
				"CODE_SIGN_IDENTITY[sdk=iphoneos*]" = "iPhone Developer";
				COPY_PHASE_STRIP = NO;
				DEBUG_INFORMATION_FORMAT = dwarf;
				ENABLE_STRICT_OBJC_MSGSEND = YES;
				ENABLE_TESTABILITY = YES;
				EXCLUDED_RECURSIVE_SEARCH_PATH_SUBDIRECTORIES = "*.nib *.lproj *.gch *.xcode* *.xcassets (*) .DS_Store CVS .svn .git .hg *.pbproj *.pbxproj";
				GCC_C_LANGUAGE_STANDARD = gnu99;
				GCC_DYNAMIC_NO_PIC = NO;
				GCC_NO_COMMON_BLOCKS = YES;
				GCC_OPTIMIZATION_LEVEL = 0;
				GCC_PREPROCESSOR_DEFINITIONS = (
					"DEBUG=1",
					"$(inherited)",
				);
				GCC_WARN_64_TO_32_BIT_CONVERSION = YES;
				GCC_WARN_ABOUT_RETURN_TYPE = YES_ERROR;
				GCC_WARN_UNDECLARED_SELECTOR = YES;
				GCC_WARN_UNINITIALIZED_AUTOS = YES_AGGRESSIVE;
				GCC_WARN_UNUSED_FUNCTION = YES;
				GCC_WARN_UNUSED_VARIABLE = YES;
				IPHONEOS_DEPLOYMENT_TARGET = 10.2;
				MTL_ENABLE_DEBUG_INFO = YES;
				ONLY_ACTIVE_ARCH = YES;
				SDKROOT = iphoneos;
				SWIFT_ACTIVE_COMPILATION_CONDITIONS = DEBUG;
				SWIFT_OBJC_BRIDGING_HEADER = "MusicMind/MusicMind-bridging-header.h";
				SWIFT_OPTIMIZATION_LEVEL = "-Onone";
				TARGETED_DEVICE_FAMILY = "1,2";
			};
			name = Debug;
		};
		DE429FA51E661BB20050E719 /* Release */ = {
			isa = XCBuildConfiguration;
			buildSettings = {
				ALWAYS_SEARCH_USER_PATHS = NO;
				CLANG_ANALYZER_NONNULL = YES;
				CLANG_CXX_LANGUAGE_STANDARD = "gnu++0x";
				CLANG_CXX_LIBRARY = "libc++";
				CLANG_ENABLE_MODULES = YES;
				CLANG_ENABLE_OBJC_ARC = YES;
				CLANG_WARN_BOOL_CONVERSION = YES;
				CLANG_WARN_CONSTANT_CONVERSION = YES;
				CLANG_WARN_DIRECT_OBJC_ISA_USAGE = YES_ERROR;
				CLANG_WARN_DOCUMENTATION_COMMENTS = YES;
				CLANG_WARN_EMPTY_BODY = YES;
				CLANG_WARN_ENUM_CONVERSION = YES;
				CLANG_WARN_INFINITE_RECURSION = YES;
				CLANG_WARN_INT_CONVERSION = YES;
				CLANG_WARN_OBJC_ROOT_CLASS = YES_ERROR;
				CLANG_WARN_SUSPICIOUS_MOVE = YES;
				CLANG_WARN_UNREACHABLE_CODE = YES;
				CLANG_WARN__DUPLICATE_METHOD_MATCH = YES;
				"CODE_SIGN_IDENTITY[sdk=iphoneos*]" = "iPhone Developer";
				COPY_PHASE_STRIP = NO;
				DEBUG_INFORMATION_FORMAT = "dwarf-with-dsym";
				ENABLE_NS_ASSERTIONS = NO;
				ENABLE_STRICT_OBJC_MSGSEND = YES;
				EXCLUDED_RECURSIVE_SEARCH_PATH_SUBDIRECTORIES = "*.nib *.lproj *.gch *.xcode* *.xcassets (*) .DS_Store CVS .svn .git .hg *.pbproj *.pbxproj";
				GCC_C_LANGUAGE_STANDARD = gnu99;
				GCC_NO_COMMON_BLOCKS = YES;
				GCC_WARN_64_TO_32_BIT_CONVERSION = YES;
				GCC_WARN_ABOUT_RETURN_TYPE = YES_ERROR;
				GCC_WARN_UNDECLARED_SELECTOR = YES;
				GCC_WARN_UNINITIALIZED_AUTOS = YES_AGGRESSIVE;
				GCC_WARN_UNUSED_FUNCTION = YES;
				GCC_WARN_UNUSED_VARIABLE = YES;
				IPHONEOS_DEPLOYMENT_TARGET = 10.2;
				MTL_ENABLE_DEBUG_INFO = NO;
				SDKROOT = iphoneos;
				SWIFT_OBJC_BRIDGING_HEADER = "MusicMind/MusicMind-bridging-header.h";
				SWIFT_OPTIMIZATION_LEVEL = "-Owholemodule";
				TARGETED_DEVICE_FAMILY = "1,2";
				VALIDATE_PRODUCT = YES;
			};
			name = Release;
		};
		DE429FA71E661BB20050E719 /* Debug */ = {
			isa = XCBuildConfiguration;
			baseConfigurationReference = 9127CA30E0CA410CF4297E83 /* Pods-MusicMind.debug.xcconfig */;
			buildSettings = {
				ASSETCATALOG_COMPILER_APPICON_NAME = AppIcon;
				CLANG_ENABLE_MODULES = YES;
				CODE_SIGN_ENTITLEMENTS = MusicMind/MusicMind.entitlements;
				DEFINES_MODULE = YES;
				DEVELOPMENT_TEAM = 7UJ4ETS6X9;
				EXCLUDED_RECURSIVE_SEARCH_PATH_SUBDIRECTORIES = "*.nib *.lproj *.gch *.xcode* *.xcassets (*) .DS_Store CVS .svn .git .hg *.pbproj *.pbxproj";
				FRAMEWORK_SEARCH_PATHS = (
					"$(inherited)",
					"$(PROJECT_DIR)",
				);
				INFOPLIST_FILE = MusicMind/Info.plist;
				LD_RUNPATH_SEARCH_PATHS = "$(inherited) @executable_path/Frameworks";
				PRODUCT_BUNDLE_IDENTIFIER = com.mmios;
				PRODUCT_NAME = "$(TARGET_NAME)";
				SWIFT_OBJC_BRIDGING_HEADER = "MusicMind/MusicMind-Bridging-Header.h";
				SWIFT_OBJC_INTERFACE_HEADER_NAME = "$(SWIFT_MODULE_NAME)-Bridging-Header.h";
				SWIFT_OPTIMIZATION_LEVEL = "-Onone";
				SWIFT_VERSION = 3.0;
			};
			name = Debug;
		};
		DE429FA81E661BB20050E719 /* Release */ = {
			isa = XCBuildConfiguration;
			baseConfigurationReference = 1C368AB4D0134F9551C2A828 /* Pods-MusicMind.release.xcconfig */;
			buildSettings = {
				ASSETCATALOG_COMPILER_APPICON_NAME = AppIcon;
				CLANG_ENABLE_MODULES = YES;
				CODE_SIGN_ENTITLEMENTS = MusicMind/MusicMind.entitlements;
				DEFINES_MODULE = YES;
				DEVELOPMENT_TEAM = 7UJ4ETS6X9;
				EXCLUDED_RECURSIVE_SEARCH_PATH_SUBDIRECTORIES = "*.nib *.lproj *.gch *.xcode* *.xcassets (*) .DS_Store CVS .svn .git .hg *.pbproj *.pbxproj";
				FRAMEWORK_SEARCH_PATHS = (
					"$(inherited)",
					"$(PROJECT_DIR)",
				);
				INFOPLIST_FILE = MusicMind/Info.plist;
				LD_RUNPATH_SEARCH_PATHS = "$(inherited) @executable_path/Frameworks";
				PRODUCT_BUNDLE_IDENTIFIER = com.mmios;
				PRODUCT_NAME = "$(TARGET_NAME)";
				SWIFT_OBJC_BRIDGING_HEADER = "MusicMind/MusicMind-Bridging-Header.h";
				SWIFT_OBJC_INTERFACE_HEADER_NAME = "$(SWIFT_MODULE_NAME)-Bridging-Header.h";
				SWIFT_VERSION = 3.0;
			};
			name = Release;
		};
/* End XCBuildConfiguration section */

/* Begin XCConfigurationList section */
		DE429F791E661BB20050E719 /* Build configuration list for PBXProject "MusicMind" */ = {
			isa = XCConfigurationList;
			buildConfigurations = (
				DE429FA41E661BB20050E719 /* Debug */,
				DE429FA51E661BB20050E719 /* Release */,
			);
			defaultConfigurationIsVisible = 0;
			defaultConfigurationName = Release;
		};
		DE429FA61E661BB20050E719 /* Build configuration list for PBXNativeTarget "MusicMind" */ = {
			isa = XCConfigurationList;
			buildConfigurations = (
				DE429FA71E661BB20050E719 /* Debug */,
				DE429FA81E661BB20050E719 /* Release */,
			);
			defaultConfigurationIsVisible = 0;
			defaultConfigurationName = Release;
		};
/* End XCConfigurationList section */
	};
	rootObject = DE429F761E661BB20050E719 /* Project object */;
}
